{
  "name": "csssr-project-template",
  "version": "0.26.0",
  "lockfileVersion": 1,
  "requires": true,
  "dependencies": {
    "autoprefixer-stylus": {
      "version": "0.9.4",
      "resolved": "https://registry.npmjs.org/autoprefixer-stylus/-/autoprefixer-stylus-0.9.4.tgz",
      "integrity": "sha1-dgkUaV3OMhyZgLSQ2BpDhcCNkU0=",
      "dev": true
    },
    "babel-cli": {
      "version": "6.24.1",
      "resolved": "https://registry.npmjs.org/babel-cli/-/babel-cli-6.24.1.tgz",
      "integrity": "sha1-IHzXBbumFImy6kG1MSNBz2rKIoM=",
      "dev": true
    },
    "babel-core": {
      "version": "6.25.0",
      "resolved": "https://registry.npmjs.org/babel-core/-/babel-core-6.25.0.tgz",
      "integrity": "sha1-fdQrBGPHQunVKW3rPsZ6kyLa1yk=",
      "dev": true
    },
    "babel-eslint": {
      "version": "7.2.3",
      "resolved": "https://registry.npmjs.org/babel-eslint/-/babel-eslint-7.2.3.tgz",
      "integrity": "sha1-sv4tgBJkcPXBlELcdXJTqJdxCCc=",
      "dev": true
    },
    "babel-loader": {
      "version": "6.4.1",
      "resolved": "https://registry.npmjs.org/babel-loader/-/babel-loader-6.4.1.tgz",
      "integrity": "sha1-CzQRLVsHSKjc2/Uaz2+b1C1QuMo=",
      "dev": true
    },
    "babel-plugin-transform-runtime": {
      "version": "6.23.0",
      "resolved": "https://registry.npmjs.org/babel-plugin-transform-runtime/-/babel-plugin-transform-runtime-6.23.0.tgz",
      "integrity": "sha1-iEkNRGUC6puOfvsP4J7E2ZR5se4=",
      "dev": true
    },
    "babel-preset-es2015": {
      "version": "6.24.1",
      "resolved": "https://registry.npmjs.org/babel-preset-es2015/-/babel-preset-es2015-6.24.1.tgz",
      "integrity": "sha1-1EBQ1rwsn+6nAqrzjXJ6AhBTiTk=",
      "dev": true
    },
    "babel-preset-stage-0": {
      "version": "6.24.1",
      "resolved": "https://registry.npmjs.org/babel-preset-stage-0/-/babel-preset-stage-0-6.24.1.tgz",
      "integrity": "sha1-VkLRUEL5E4TX5a+LyIsduVsDnmo=",
      "dev": true
    },
    "babel-runtime": {
      "version": "6.23.0",
      "resolved": "https://registry.npmjs.org/babel-runtime/-/babel-runtime-6.23.0.tgz",
      "integrity": "sha1-CpSJ8UTecO+zzkMArM2zKeL8VDs=",
      "dev": true
    },
    "bemto.jade": {
      "version": "1.0.3",
      "resolved": "https://registry.npmjs.org/bemto.jade/-/bemto.jade-1.0.3.tgz",
      "integrity": "sha1-36/Cse1sHUo0FHkidPQ7wYZVNxo=",
      "dev": true
    },
    "blazy": {
      "version": "1.8.2",
      "resolved": "https://registry.npmjs.org/blazy/-/blazy-1.8.2.tgz",
      "integrity": "sha1-UN/WOLqvkAPv1us6g2rKVBhKtto=",
      "dev": true
    },
    "blocks": {
      "version": "0.3.5",
      "resolved": "https://registry.npmjs.org/blocks/-/blocks-0.3.5.tgz",
      "integrity": "sha1-BjXNKDjLaMzBUjhxtm3p4WayzTQ=",
      "dev": true,
      "dependencies": {
        "debug": {
          "version": "2.2.0",
          "resolved": "https://registry.npmjs.org/debug/-/debug-2.2.0.tgz",
          "integrity": "sha1-+HBX6ZWxofauaklgZkE3vFbwOdo="
        },
        "etag": {
          "version": "1.7.0",
          "resolved": "https://registry.npmjs.org/etag/-/etag-1.7.0.tgz",
          "integrity": "sha1-A9MLX2fdbmMtKUXTDWZScxo01dg="
        },
        "express": {
          "version": "4.14.0",
          "resolved": "https://registry.npmjs.org/express/-/express-4.14.0.tgz",
          "integrity": "sha1-we4/Qs3Ikfs9xlCoki1R7IR9DWY="
        },
        "mime": {
          "version": "1.3.4",
          "resolved": "https://registry.npmjs.org/mime/-/mime-1.3.4.tgz",
          "integrity": "sha1-EV+eO2s9rylZmDyzjxSaLUDrXVM="
        },
        "ms": {
          "version": "0.7.1",
          "resolved": "https://registry.npmjs.org/ms/-/ms-0.7.1.tgz",
          "integrity": "sha1-nNE8A62/8ltl7/3nzoZO6VIBcJg="
        },
        "qs": {
          "version": "6.2.0",
          "resolved": "https://registry.npmjs.org/qs/-/qs-6.2.0.tgz",
          "integrity": "sha1-O3hIwDwt7OaalSKw+ujEEm10Xzs="
        },
        "send": {
          "version": "0.14.1",
          "resolved": "https://registry.npmjs.org/send/-/send-0.14.1.tgz",
          "integrity": "sha1-qVSYQyU5L1FTKndgdg5FlZjIn3o="
        },
        "serve-static": {
          "version": "1.11.2",
          "resolved": "https://registry.npmjs.org/serve-static/-/serve-static-1.11.2.tgz",
          "integrity": "sha1-LPmIm9RDWjIMw2iVyapXvWYuasc=",
          "dependencies": {
            "ms": {
              "version": "0.7.2",
              "resolved": "https://registry.npmjs.org/ms/-/ms-0.7.2.tgz",
              "integrity": "sha1-riXPJRKziFodldfwN4aNhDESR2U="
            },
            "send": {
              "version": "0.14.2",
              "resolved": "https://registry.npmjs.org/send/-/send-0.14.2.tgz",
              "integrity": "sha1-ObBDiz9RC+Xcb2Z6EfcWiTaM3u8="
            }
          }
        }
      }
    },
    "browser-sync": {
      "version": "2.18.12",
      "resolved": "https://registry.npmjs.org/browser-sync/-/browser-sync-2.18.12.tgz",
      "integrity": "sha1-u6oKF6lh4rXwqOdg5pUCcYZmR3k=",
      "dev": true
    },
    "cross-env": {
      "version": "1.0.8",
      "resolved": "https://registry.npmjs.org/cross-env/-/cross-env-1.0.8.tgz",
      "integrity": "sha1-K950jvx4D1bd8H6mn8rYdTV3dM4=",
      "dev": true
    },
    "debuga": {
      "version": "1.0.2",
      "resolved": "https://registry.npmjs.org/debuga/-/debuga-1.0.2.tgz",
      "integrity": "sha1-aZOjV+Iw7dYSwHpT1/pAkovCL+8=",
      "dev": true
    },
    "eslint": {
      "version": "2.13.1",
      "resolved": "https://registry.npmjs.org/eslint/-/eslint-2.13.1.tgz",
      "integrity": "sha1-5MyPoPAJ+4KaquI4VaKTYL4fbBE=",
      "dev": true,
      "dependencies": {
        "user-home": {
          "version": "2.0.0",
          "resolved": "https://registry.npmjs.org/user-home/-/user-home-2.0.0.tgz",
          "integrity": "sha1-nHC/2Babwdy/SGBODwS4tJzenp8="
        }
      }
    },
    "eslint-loader": {
      "version": "1.7.1",
      "resolved": "https://registry.npmjs.org/eslint-loader/-/eslint-loader-1.7.1.tgz",
      "integrity": "sha1-ULFY3WJy3O+5fphCVIN/gaWALOA=",
      "dev": true,
      "dependencies": {
        "loader-utils": {
          "version": "1.1.0",
          "resolved": "https://registry.npmjs.org/loader-utils/-/loader-utils-1.1.0.tgz",
          "integrity": "sha1-yYrvSIvM7aL/teLeZG1qdUQp9c0="
        }
      }
    },
    "expose-loader": {
      "version": "0.7.3",
      "resolved": "https://registry.npmjs.org/expose-loader/-/expose-loader-0.7.3.tgz",
      "integrity": "sha1-NfvTZZeJ5PqoH1nei36fw55GbVE=",
      "dev": true
    },
    "gulp": {
      "version": "3.9.1",
      "resolved": "https://registry.npmjs.org/gulp/-/gulp-3.9.1.tgz",
      "integrity": "sha1-VxzkWSjdQK9lFPxAEYZgFsE4RbQ=",
      "dev": true,
      "dependencies": {
        "minimist": {
          "version": "1.2.0",
          "resolved": "https://registry.npmjs.org/minimist/-/minimist-1.2.0.tgz",
          "integrity": "sha1-o1AIsg9BOD7sH7kU9M1d95omQoQ="
        },
        "semver": {
          "version": "4.3.6",
          "resolved": "https://registry.npmjs.org/semver/-/semver-4.3.6.tgz",
          "integrity": "sha1-MAvG4OhjdPe6YQaLWx7NV/xlMto="
        }
      }
    },
    "gulp-bump": {
      "version": "1.0.0",
      "resolved": "https://registry.npmjs.org/gulp-bump/-/gulp-bump-1.0.0.tgz",
      "integrity": "sha1-XofEsSlyalzphvIjDnU3vzzecqw=",
      "dev": true,
      "dependencies": {
        "isarray": {
          "version": "0.0.1",
          "resolved": "https://registry.npmjs.org/isarray/-/isarray-0.0.1.tgz",
          "integrity": "sha1-ihis/Kmo9Bd+Cav8YDiTmwXR7t8="
        },
        "readable-stream": {
          "version": "1.0.34",
          "resolved": "https://registry.npmjs.org/readable-stream/-/readable-stream-1.0.34.tgz",
          "integrity": "sha1-Elgg40vIQtLyqq+v5MKRbuMsFXw="
        },
        "string_decoder": {
          "version": "0.10.31",
          "resolved": "https://registry.npmjs.org/string_decoder/-/string_decoder-0.10.31.tgz",
          "integrity": "sha1-YuIDvEF2bGwoyfyEMB2rHFMQ+pQ="
        },
        "through2": {
          "version": "0.5.1",
          "resolved": "https://registry.npmjs.org/through2/-/through2-0.5.1.tgz",
          "integrity": "sha1-390BLrnHAOIyP9M084rGIqs3Lac="
        },
        "xtend": {
          "version": "3.0.0",
          "resolved": "https://registry.npmjs.org/xtend/-/xtend-3.0.0.tgz",
          "integrity": "sha1-XM50B7r2Qsunvs2laBEcST9ZZlo="
        }
      }
    },
    "gulp-cached": {
      "version": "1.1.1",
      "resolved": "https://registry.npmjs.org/gulp-cached/-/gulp-cached-1.1.1.tgz",
      "integrity": "sha1-/nzU+H83YB5gc8/t7lwr2vi2rM4=",
      "dev": true
    },
    "gulp-changed": {
      "version": "1.3.2",
      "resolved": "https://registry.npmjs.org/gulp-changed/-/gulp-changed-1.3.2.tgz",
      "integrity": "sha1-nvyNMl+YBcx2aP3059YNSxQQ8s8=",
      "dev": true
    },
    "gulp-cssnano": {
      "version": "2.1.2",
      "resolved": "https://registry.npmjs.org/gulp-cssnano/-/gulp-cssnano-2.1.2.tgz",
      "integrity": "sha1-4IoJdx7FRUpUnxoAW90lbLjl4KM=",
      "dev": true
    },
    "gulp-filter": {
      "version": "3.0.1",
      "resolved": "https://registry.npmjs.org/gulp-filter/-/gulp-filter-3.0.1.tgz",
      "integrity": "sha1-fG/85bVj6J3nqQ387/FuyKjLFWI=",
      "dev": true
    },
    "gulp-gh-pages": {
      "version": "0.5.4",
      "resolved": "https://registry.npmjs.org/gulp-gh-pages/-/gulp-gh-pages-0.5.4.tgz",
      "integrity": "sha1-pnMspHWrm1pTJTwcJHNMQMIbZUY=",
      "dev": true,
      "dependencies": {
        "glob": {
          "version": "5.0.15",
          "resolved": "https://registry.npmjs.org/glob/-/glob-5.0.15.tgz",
          "integrity": "sha1-G8k2ueAvSmA/zCIuz3Yz0wuLk7E="
        },
        "glob-parent": {
          "version": "3.1.0",
          "resolved": "https://registry.npmjs.org/glob-parent/-/glob-parent-3.1.0.tgz",
          "integrity": "sha1-nmr2KZ2NO9K9QEMIMr0RPfkGxa4="
        },
        "glob-stream": {
          "version": "5.3.5",
          "resolved": "https://registry.npmjs.org/glob-stream/-/glob-stream-5.3.5.tgz",
          "integrity": "sha1-pVZlqajM3EGRWofHAeMtTgFvrSI=",
          "dependencies": {
            "readable-stream": {
              "version": "1.0.34",
              "resolved": "https://registry.npmjs.org/readable-stream/-/readable-stream-1.0.34.tgz",
              "integrity": "sha1-Elgg40vIQtLyqq+v5MKRbuMsFXw="
            },
            "through2": {
              "version": "0.6.5",
              "resolved": "https://registry.npmjs.org/through2/-/through2-0.6.5.tgz",
              "integrity": "sha1-QaucZ7KdVyCQcUEOHXp6lozTrUg="
            }
          }
        },
        "gulp-sourcemaps": {
          "version": "1.6.0",
          "resolved": "https://registry.npmjs.org/gulp-sourcemaps/-/gulp-sourcemaps-1.6.0.tgz",
          "integrity": "sha1-uG/zSdgBzrVuHZ59x7vLS33uYAw="
        },
        "is-extglob": {
          "version": "2.1.1",
          "resolved": "https://registry.npmjs.org/is-extglob/-/is-extglob-2.1.1.tgz",
          "integrity": "sha1-qIwCU1eR8C7TfHahueqXc8gz+MI="
        },
        "is-glob": {
          "version": "3.1.0",
          "resolved": "https://registry.npmjs.org/is-glob/-/is-glob-3.1.0.tgz",
          "integrity": "sha1-e6WuJCF4BKxwcHuWkiVnSGzD6Eo="
        },
        "isarray": {
          "version": "0.0.1",
          "resolved": "https://registry.npmjs.org/isarray/-/isarray-0.0.1.tgz",
          "integrity": "sha1-ihis/Kmo9Bd+Cav8YDiTmwXR7t8="
        },
        "ordered-read-streams": {
          "version": "0.3.0",
          "resolved": "https://registry.npmjs.org/ordered-read-streams/-/ordered-read-streams-0.3.0.tgz",
          "integrity": "sha1-cTfmmzKYuzQiR6G77jiByA4v14s="
        },
        "string_decoder": {
          "version": "0.10.31",
          "resolved": "https://registry.npmjs.org/string_decoder/-/string_decoder-0.10.31.tgz",
          "integrity": "sha1-YuIDvEF2bGwoyfyEMB2rHFMQ+pQ="
        },
        "unique-stream": {
          "version": "2.2.1",
          "resolved": "https://registry.npmjs.org/unique-stream/-/unique-stream-2.2.1.tgz",
          "integrity": "sha1-WqADz76Uxf+GbE59ZouxxNuts2k="
        },
        "vinyl": {
          "version": "1.2.0",
          "resolved": "https://registry.npmjs.org/vinyl/-/vinyl-1.2.0.tgz",
          "integrity": "sha1-XIgDbPVl5d8FVYv8kR+GVt8hiIQ="
        },
        "vinyl-fs": {
          "version": "2.4.4",
          "resolved": "https://registry.npmjs.org/vinyl-fs/-/vinyl-fs-2.4.4.tgz",
          "integrity": "sha1-vm/zJwy1Xf19MGNkDegfJddTIjk="
        }
      }
    },
    "gulp-group-css-media-queries": {
      "version": "1.2.0",
      "resolved": "https://registry.npmjs.org/gulp-group-css-media-queries/-/gulp-group-css-media-queries-1.2.0.tgz",
      "integrity": "sha1-z8U0loEvLDeHgEA5YqxXV5kqSd0=",
      "dev": true
    },
    "gulp-if": {
      "version": "2.0.2",
      "resolved": "https://registry.npmjs.org/gulp-if/-/gulp-if-2.0.2.tgz",
      "integrity": "sha1-pJe351cwBQQcqivIt92jyARE1ik=",
      "dev": true
    },
    "gulp-jade": {
      "version": "1.1.0",
      "resolved": "https://registry.npmjs.org/gulp-jade/-/gulp-jade-1.1.0.tgz",
      "integrity": "sha1-yy8zKsRoJGcfNokWVcFlxZHDO9Q=",
      "dev": true
    },
    "gulp-jade-inheritance": {
      "version": "0.5.5",
      "resolved": "https://registry.npmjs.org/gulp-jade-inheritance/-/gulp-jade-inheritance-0.5.5.tgz",
      "integrity": "sha1-h9EdE2Lkz+kWSMqxx2Ed9q1Zyec=",
      "dev": true,
      "dependencies": {
        "glob": {
          "version": "5.0.15",
          "resolved": "https://registry.npmjs.org/glob/-/glob-5.0.15.tgz",
          "integrity": "sha1-G8k2ueAvSmA/zCIuz3Yz0wuLk7E="
        },
        "glob-parent": {
          "version": "3.1.0",
          "resolved": "https://registry.npmjs.org/glob-parent/-/glob-parent-3.1.0.tgz",
          "integrity": "sha1-nmr2KZ2NO9K9QEMIMr0RPfkGxa4="
        },
        "glob-stream": {
          "version": "5.3.5",
          "resolved": "https://registry.npmjs.org/glob-stream/-/glob-stream-5.3.5.tgz",
          "integrity": "sha1-pVZlqajM3EGRWofHAeMtTgFvrSI=",
          "dependencies": {
            "readable-stream": {
              "version": "1.0.34",
              "resolved": "https://registry.npmjs.org/readable-stream/-/readable-stream-1.0.34.tgz",
              "integrity": "sha1-Elgg40vIQtLyqq+v5MKRbuMsFXw="
            },
            "through2": {
              "version": "0.6.5",
              "resolved": "https://registry.npmjs.org/through2/-/through2-0.6.5.tgz",
              "integrity": "sha1-QaucZ7KdVyCQcUEOHXp6lozTrUg="
            }
          }
        },
        "gulp-sourcemaps": {
          "version": "1.6.0",
          "resolved": "https://registry.npmjs.org/gulp-sourcemaps/-/gulp-sourcemaps-1.6.0.tgz",
          "integrity": "sha1-uG/zSdgBzrVuHZ59x7vLS33uYAw="
        },
        "is-extglob": {
          "version": "2.1.1",
          "resolved": "https://registry.npmjs.org/is-extglob/-/is-extglob-2.1.1.tgz",
          "integrity": "sha1-qIwCU1eR8C7TfHahueqXc8gz+MI="
        },
        "is-glob": {
          "version": "3.1.0",
          "resolved": "https://registry.npmjs.org/is-glob/-/is-glob-3.1.0.tgz",
          "integrity": "sha1-e6WuJCF4BKxwcHuWkiVnSGzD6Eo="
        },
        "isarray": {
          "version": "0.0.1",
          "resolved": "https://registry.npmjs.org/isarray/-/isarray-0.0.1.tgz",
          "integrity": "sha1-ihis/Kmo9Bd+Cav8YDiTmwXR7t8="
        },
        "lodash": {
          "version": "3.10.1",
          "resolved": "https://registry.npmjs.org/lodash/-/lodash-3.10.1.tgz",
          "integrity": "sha1-W/Rejkm6QYnhfUgnid/RW9FAt7Y="
        },
        "ordered-read-streams": {
          "version": "0.3.0",
          "resolved": "https://registry.npmjs.org/ordered-read-streams/-/ordered-read-streams-0.3.0.tgz",
          "integrity": "sha1-cTfmmzKYuzQiR6G77jiByA4v14s="
        },
        "string_decoder": {
          "version": "0.10.31",
          "resolved": "https://registry.npmjs.org/string_decoder/-/string_decoder-0.10.31.tgz",
          "integrity": "sha1-YuIDvEF2bGwoyfyEMB2rHFMQ+pQ="
        },
        "unique-stream": {
          "version": "2.2.1",
          "resolved": "https://registry.npmjs.org/unique-stream/-/unique-stream-2.2.1.tgz",
          "integrity": "sha1-WqADz76Uxf+GbE59ZouxxNuts2k="
        },
        "vinyl": {
          "version": "1.2.0",
          "resolved": "https://registry.npmjs.org/vinyl/-/vinyl-1.2.0.tgz",
          "integrity": "sha1-XIgDbPVl5d8FVYv8kR+GVt8hiIQ="
        },
        "vinyl-fs": {
          "version": "2.4.4",
          "resolved": "https://registry.npmjs.org/vinyl-fs/-/vinyl-fs-2.4.4.tgz",
          "integrity": "sha1-vm/zJwy1Xf19MGNkDegfJddTIjk="
        }
      }
    },
    "gulp-jsbeautifier": {
      "version": "1.0.2",
      "resolved": "https://registry.npmjs.org/gulp-jsbeautifier/-/gulp-jsbeautifier-1.0.2.tgz",
      "integrity": "sha1-x5XGH7K7T3FaiwYJelugC+e0EtA=",
      "dev": true
    },
    "gulp-plumber": {
      "version": "1.1.0",
      "resolved": "https://registry.npmjs.org/gulp-plumber/-/gulp-plumber-1.1.0.tgz",
      "integrity": "sha1-8SF2wtBCL2AwbCQv/2oBo5T6ugk=",
      "dev": true
    },
    "gulp-plumber-error-handler": {
      "version": "1.0.0",
      "resolved": "https://registry.npmjs.org/gulp-plumber-error-handler/-/gulp-plumber-error-handler-1.0.0.tgz",
      "integrity": "sha1-gwblY0sRUqlajEAGFfyqaVb6asY=",
      "dev": true
    },
    "gulp-pug-linter": {
      "version": "0.4.1",
      "resolved": "https://registry.npmjs.org/gulp-pug-linter/-/gulp-pug-linter-0.4.1.tgz",
      "integrity": "sha1-QrwFuFPEiDhn9itMaTmnkR5kkDI=",
      "dev": true
    },
    "gulp-rename": {
      "version": "1.2.2",
      "resolved": "https://registry.npmjs.org/gulp-rename/-/gulp-rename-1.2.2.tgz",
      "integrity": "sha1-OtRCh2PwXidk3sHGfYaNsnVoeBc=",
      "dev": true
    },
    "gulp-sourcemaps": {
      "version": "1.12.0",
      "resolved": "https://registry.npmjs.org/gulp-sourcemaps/-/gulp-sourcemaps-1.12.0.tgz",
      "integrity": "sha1-eG+XyUoPloSSRl1wVY4EJCxnlZg=",
      "dev": true,
      "dependencies": {
        "acorn": {
          "version": "4.0.13",
          "resolved": "https://registry.npmjs.org/acorn/-/acorn-4.0.13.tgz",
          "integrity": "sha1-EFSVrlNh1pe9GVyCUZLhrX8lN4c="
        },
        "vinyl": {
          "version": "1.2.0",
          "resolved": "https://registry.npmjs.org/vinyl/-/vinyl-1.2.0.tgz",
          "integrity": "sha1-XIgDbPVl5d8FVYv8kR+GVt8hiIQ="
        }
      }
    },
    "gulp-static-hash": {
      "version": "0.1.4",
      "resolved": "https://registry.npmjs.org/gulp-static-hash/-/gulp-static-hash-0.1.4.tgz",
      "integrity": "sha1-NAT6Zk1XBw7LkzBWau4yLPqDPTk=",
      "dev": true,
      "dependencies": {
        "isarray": {
          "version": "0.0.1",
          "resolved": "https://registry.npmjs.org/isarray/-/isarray-0.0.1.tgz",
          "integrity": "sha1-ihis/Kmo9Bd+Cav8YDiTmwXR7t8="
        },
        "readable-stream": {
          "version": "1.0.34",
          "resolved": "https://registry.npmjs.org/readable-stream/-/readable-stream-1.0.34.tgz",
          "integrity": "sha1-Elgg40vIQtLyqq+v5MKRbuMsFXw="
        },
        "string_decoder": {
          "version": "0.10.31",
          "resolved": "https://registry.npmjs.org/string_decoder/-/string_decoder-0.10.31.tgz",
          "integrity": "sha1-YuIDvEF2bGwoyfyEMB2rHFMQ+pQ="
        },
        "through2": {
          "version": "0.5.1",
          "resolved": "https://registry.npmjs.org/through2/-/through2-0.5.1.tgz",
          "integrity": "sha1-390BLrnHAOIyP9M084rGIqs3Lac="
        },
        "xtend": {
          "version": "3.0.0",
          "resolved": "https://registry.npmjs.org/xtend/-/xtend-3.0.0.tgz",
          "integrity": "sha1-XM50B7r2Qsunvs2laBEcST9ZZlo="
        }
      }
    },
    "gulp-stylint": {
      "version": "3.0.0",
      "resolved": "https://registry.npmjs.org/gulp-stylint/-/gulp-stylint-3.0.0.tgz",
      "integrity": "sha1-9uNJBeyr09SuXyhzx5RzI1p6tbc=",
      "dev": true,
      "dependencies": {
        "isarray": {
          "version": "0.0.1",
          "resolved": "https://registry.npmjs.org/isarray/-/isarray-0.0.1.tgz",
          "integrity": "sha1-ihis/Kmo9Bd+Cav8YDiTmwXR7t8="
        },
        "readable-stream": {
          "version": "1.0.34",
          "resolved": "https://registry.npmjs.org/readable-stream/-/readable-stream-1.0.34.tgz",
          "integrity": "sha1-Elgg40vIQtLyqq+v5MKRbuMsFXw="
        },
        "string_decoder": {
          "version": "0.10.31",
          "resolved": "https://registry.npmjs.org/string_decoder/-/string_decoder-0.10.31.tgz",
          "integrity": "sha1-YuIDvEF2bGwoyfyEMB2rHFMQ+pQ="
        },
        "through2": {
          "version": "0.6.5",
          "resolved": "https://registry.npmjs.org/through2/-/through2-0.6.5.tgz",
          "integrity": "sha1-QaucZ7KdVyCQcUEOHXp6lozTrUg="
        }
      }
    },
    "gulp-stylus": {
      "version": "2.6.0",
      "resolved": "https://registry.npmjs.org/gulp-stylus/-/gulp-stylus-2.6.0.tgz",
      "integrity": "sha1-sLf6TbhE5u6CsQdcqXQFZGlgg6E=",
      "dev": true
    },
    "gulp-svg-symbols": {
      "version": "1.0.0",
      "resolved": "https://registry.npmjs.org/gulp-svg-symbols/-/gulp-svg-symbols-1.0.0.tgz",
      "integrity": "sha1-tM1Xxq0i3H5cLlaQ7VYyN/4gz0M=",
      "dev": true,
      "dependencies": {
        "bluebird": {
          "version": "2.11.0",
          "resolved": "https://registry.npmjs.org/bluebird/-/bluebird-2.11.0.tgz",
          "integrity": "sha1-U0uQM8AiyVecVro7Plpcqvu2UOE="
        },
        "lodash": {
          "version": "3.10.1",
          "resolved": "https://registry.npmjs.org/lodash/-/lodash-3.10.1.tgz",
          "integrity": "sha1-W/Rejkm6QYnhfUgnid/RW9FAt7Y="
        }
      }
    },
    "gulp-watch": {
      "version": "4.3.11",
      "resolved": "https://registry.npmjs.org/gulp-watch/-/gulp-watch-4.3.11.tgz",
      "integrity": "sha1-Fi/FY96fx3DpH5p845VVE6mhGMA=",
      "dev": true,
      "dependencies": {
        "glob-parent": {
          "version": "3.1.0",
          "resolved": "https://registry.npmjs.org/glob-parent/-/glob-parent-3.1.0.tgz",
          "integrity": "sha1-nmr2KZ2NO9K9QEMIMr0RPfkGxa4="
        },
        "is-extglob": {
          "version": "2.1.1",
          "resolved": "https://registry.npmjs.org/is-extglob/-/is-extglob-2.1.1.tgz",
          "integrity": "sha1-qIwCU1eR8C7TfHahueqXc8gz+MI="
        },
        "is-glob": {
          "version": "3.1.0",
          "resolved": "https://registry.npmjs.org/is-glob/-/is-glob-3.1.0.tgz",
          "integrity": "sha1-e6WuJCF4BKxwcHuWkiVnSGzD6Eo="
        },
        "vinyl": {
          "version": "1.2.0",
          "resolved": "https://registry.npmjs.org/vinyl/-/vinyl-1.2.0.tgz",
          "integrity": "sha1-XIgDbPVl5d8FVYv8kR+GVt8hiIQ="
        }
      }
    },
    "gulp-zip": {
      "version": "3.2.0",
      "resolved": "https://registry.npmjs.org/gulp-zip/-/gulp-zip-3.2.0.tgz",
      "integrity": "sha1-69GY2ubcLV9E2BRWnI7EIRipPvk=",
      "dev": true
    },
    "gulp.spritesmith-multi": {
      "version": "2.2.2",
      "resolved": "https://registry.npmjs.org/gulp.spritesmith-multi/-/gulp.spritesmith-multi-2.2.2.tgz",
      "integrity": "sha1-6EKKNv2WSp/Be0vm2bRawM7VJwM=",
      "dev": true
    },
    "h5validate": {
      "version": "0.9.0",
      "resolved": "https://registry.npmjs.org/h5validate/-/h5validate-0.9.0.tgz",
      "integrity": "sha1-zgMfWKCU/0tsdh3wcmhvDVlTonM=",
      "dev": true
    },
    "happypack": {
      "version": "2.2.1",
      "resolved": "https://registry.npmjs.org/happypack/-/happypack-2.2.1.tgz",
      "integrity": "sha1-azznsZ6S3V/bvHgV6oS7ocYwj/o=",
      "dev": true,
      "dependencies": {
        "async": {
          "version": "1.5.0",
          "resolved": "https://registry.npmjs.org/async/-/async-1.5.0.tgz",
          "integrity": "sha1-J5ZkJyNXOFlWVjP8YnRES+4vjOM="
        }
      }
    },
    "husky": {
      "version": "0.11.9",
      "resolved": "https://registry.npmjs.org/husky/-/husky-0.11.9.tgz",
      "integrity": "sha1-KM0dwWv/3KHU2TWSgU5fPDJ7OO4=",
      "dev": true,
      "dependencies": {
        "normalize-path": {
          "version": "1.0.0",
          "resolved": "https://registry.npmjs.org/normalize-path/-/normalize-path-1.0.0.tgz",
          "integrity": "sha1-MtDkcvkf80VwHBWoMRAY07CpA3k="
        }
      }
    },
    "inputmask": {
      "version": "3.3.7",
      "resolved": "https://registry.npmjs.org/inputmask/-/inputmask-3.3.7.tgz",
      "integrity": "sha512-uRnLRFMlDTMvBB59L0n55wB8KbQbj2xTaajDeg4bVBCdwwjhwac0o7t0wXDefIxTIacu3KN3Me+Ft7VcJ9b15Q==",
      "dev": true
    },
    "jade-get-data": {
      "version": "1.0.1",
      "resolved": "https://registry.npmjs.org/jade-get-data/-/jade-get-data-1.0.1.tgz",
      "integrity": "sha1-k1j3VO4RT/mdeafU2F58OxxPu2Q=",
      "dev": true
    },
    "jade-injected": {
      "version": "1.0.2",
      "resolved": "https://registry.npmjs.org/jade-injected/-/jade-injected-1.0.2.tgz",
      "integrity": "sha1-CwFWstext5/H6nUxiqKXT/1Vb5A=",
      "dev": true
    },
    "jquery": {
      "version": "2.2.4",
      "resolved": "https://registry.npmjs.org/jquery/-/jquery-2.2.4.tgz",
      "integrity": "sha1-LInWiJterFIqfuoywUUhVZxsvwI=",
      "dev": true
    },
    "jquery-lazy": {
      "version": "1.7.5",
      "resolved": "https://registry.npmjs.org/jquery-lazy/-/jquery-lazy-1.7.5.tgz",
      "integrity": "sha1-jI7SCUxrm6fvhUkjLKGp2xomtHo=",
      "dev": true
    },
    "jquery-mask-plugin": {
      "version": "1.14.11",
      "resolved": "https://registry.npmjs.org/jquery-mask-plugin/-/jquery-mask-plugin-1.14.11.tgz",
      "integrity": "sha1-V7pZhBavbqe6kzbqyyob8O27ods=",
      "dev": true
    },
    "jquery-validation": {
      "version": "1.19.4",
      "resolved": "https://registry.npmjs.org/jquery-validation/-/jquery-validation-1.19.4.tgz",
      "integrity": "sha512-PcwKcATCR+JL77m9kkWd84NAHAunJP9iasF6IbMxUgl73xDAimxjt5oYFmYHDXBmTZM4rpkXxMNR/jGI5TlSjA==",
      "dev": true
    },
    "jquery.maskedinput": {
      "version": "1.4.1",
      "resolved": "https://registry.npmjs.org/jquery.maskedinput/-/jquery.maskedinput-1.4.1.tgz",
      "integrity": "sha1-Pqj0zcTq/Oc1TCe2anPQ9E3vwyc=",
      "dev": true
    },
    "json-loader": {
      "version": "0.5.4",
      "resolved": "https://registry.npmjs.org/json-loader/-/json-loader-0.5.4.tgz",
      "integrity": "sha1-i6oTZaYy9Yo8RtIBdfxgAsluN94=",
      "dev": true
    },
    "magnific-popup": {
      "version": "1.1.0",
      "resolved": "https://registry.npmjs.org/magnific-popup/-/magnific-popup-1.1.0.tgz",
      "integrity": "sha1-PnNixb0Y9nhf6Z5Z0BPiCvM9MEk=",
      "dev": true
    },
    "merge-stream": {
      "version": "1.0.1",
      "resolved": "https://registry.npmjs.org/merge-stream/-/merge-stream-1.0.1.tgz",
      "integrity": "sha1-QEEgLVCKNCugAXQAjfDCUbjBNeE=",
      "dev": true
    },
    "node-notifier": {
      "version": "4.6.1",
      "resolved": "https://registry.npmjs.org/node-notifier/-/node-notifier-4.6.1.tgz",
      "integrity": "sha1-BW0UJE89zBzq3+aK+c/wxUc6M/M=",
      "dev": true,
      "dependencies": {
        "minimist": {
          "version": "1.2.0",
          "resolved": "https://registry.npmjs.org/minimist/-/minimist-1.2.0.tgz",
          "integrity": "sha1-o1AIsg9BOD7sH7kU9M1d95omQoQ="
        }
      }
    },
    "npm-install-webpack-plugin": {
      "version": "2.0.2",
      "resolved": "https://registry.npmjs.org/npm-install-webpack-plugin/-/npm-install-webpack-plugin-2.0.2.tgz",
      "integrity": "sha1-woHQHfkbHB0CNLy84CXhS0d6dEE=",
      "dev": true,
      "dependencies": {
        "cross-spawn": {
          "version": "2.2.3",
          "resolved": "https://registry.npmjs.org/cross-spawn/-/cross-spawn-2.2.3.tgz",
          "integrity": "sha1-+sViAt/T0N2GF3jy2iA79DS7ghw="
        }
      }
    },
    "npm-run-all": {
      "version": "1.8.0",
      "resolved": "https://registry.npmjs.org/npm-run-all/-/npm-run-all-1.8.0.tgz",
      "integrity": "sha1-E8MVq3y+7ySt/xWlkiLi5TUZbTY=",
      "dev": true
    },
    "pug-lint": {
      "version": "2.4.0",
      "resolved": "https://registry.npmjs.org/pug-lint/-/pug-lint-2.4.0.tgz",
      "integrity": "sha1-H1hMFiT6xI5aDQPkCCPK73NnAuA=",
      "dev": true,
      "dependencies": {
        "acorn": {
          "version": "4.0.13",
          "resolved": "https://registry.npmjs.org/acorn/-/acorn-4.0.13.tgz",
          "integrity": "sha1-EFSVrlNh1pe9GVyCUZLhrX8lN4c="
        },
        "strip-json-comments": {
          "version": "2.0.1",
          "resolved": "https://registry.npmjs.org/strip-json-comments/-/strip-json-comments-2.0.1.tgz",
          "integrity": "sha1-PFMZQukIwml8DsNEhYwobHygpgo="
        }
      }
    },
    "require-dir": {
      "version": "0.3.2",
      "resolved": "https://registry.npmjs.org/require-dir/-/require-dir-0.3.2.tgz",
      "integrity": "sha1-wdXHXp+//eny5rM+OD209ZS1pqk=",
      "dev": true
    },
    "rimraf": {
      "version": "2.6.1",
      "resolved": "https://registry.npmjs.org/rimraf/-/rimraf-2.6.1.tgz",
      "integrity": "sha1-wjOOxkPfeht/5cVPqG9XQopV8z0=",
      "dev": true
    },
    "run-sequence": {
      "version": "1.2.2",
      "resolved": "https://registry.npmjs.org/run-sequence/-/run-sequence-1.2.2.tgz",
      "integrity": "sha1-UJWgvr6YczsBQL0I3YDsAw3azes=",
      "dev": true
    },
    "rupture": {
      "version": "0.6.2",
      "resolved": "https://registry.npmjs.org/rupture/-/rupture-0.6.2.tgz",
      "integrity": "sha1-707ukXEf969k439UTPxgpcCDGdM=",
      "dev": true
    },
    "source-map-loader": {
      "version": "0.1.6",
      "resolved": "https://registry.npmjs.org/source-map-loader/-/source-map-loader-0.1.6.tgz",
      "integrity": "sha1-wJkD2m1zueU7ftjuUkVZcFHpjpE=",
      "dev": true,
      "dependencies": {
        "async": {
          "version": "0.9.2",
          "resolved": "https://registry.npmjs.org/async/-/async-0.9.2.tgz",
          "integrity": "sha1-rqdNXmHB+JlhO/ZL2mbUx48v0X0="
        },
        "source-map": {
          "version": "0.1.43",
          "resolved": "https://registry.npmjs.org/source-map/-/source-map-0.1.43.tgz",
          "integrity": "sha1-wkvBRspRfBRx9drL4lcbK3+eM0Y="
        }
      }
    },
    "spritesmith-dir-checker": {
      "version": "1.0.0",
      "resolved": "https://registry.npmjs.org/spritesmith-dir-checker/-/spritesmith-dir-checker-1.0.0.tgz",
      "integrity": "sha1-OBmRn5Md3ADZjs+YOr6k7XZ4Rs4=",
      "dev": true,
      "dependencies": {
        "babel-cli": {
          "version": "6.3.13",
          "resolved": "https://registry.npmjs.org/babel-cli/-/babel-cli-6.3.13.tgz",
          "integrity": "sha1-c2++j5qrJvsFRb1NncoXRtPoEzQ="
        },
        "babel-preset-es2015": {
          "version": "6.3.13",
          "resolved": "https://registry.npmjs.org/babel-preset-es2015/-/babel-preset-es2015-6.3.13.tgz",
          "integrity": "sha1-l9zn7ykuGMubK3VF2AxZPCjZUX8="
        },
        "babel-runtime": {
          "version": "5.8.38",
          "resolved": "https://registry.npmjs.org/babel-runtime/-/babel-runtime-5.8.38.tgz",
          "integrity": "sha1-HAsC62MxL18If/IEUIJ7QlydTBk="
        },
        "chalk": {
          "version": "1.1.1",
          "resolved": "https://registry.npmjs.org/chalk/-/chalk-1.1.1.tgz",
          "integrity": "sha1-UJr7ZwZudJn36zU1x3RFdyri0Bk="
        },
        "core-js": {
          "version": "1.2.7",
          "resolved": "https://registry.npmjs.org/core-js/-/core-js-1.2.7.tgz",
          "integrity": "sha1-ZSKUwUZR2yj6k70tX/KYOk8IxjY="
        },
        "fs-readdir-recursive": {
          "version": "0.1.2",
          "resolved": "https://registry.npmjs.org/fs-readdir-recursive/-/fs-readdir-recursive-0.1.2.tgz",
          "integrity": "sha1-MVtPuMHKW4xH3v7zGdBz2tNWgFk="
        },
        "glob": {
          "version": "5.0.15",
          "resolved": "https://registry.npmjs.org/glob/-/glob-5.0.15.tgz",
          "integrity": "sha1-G8k2ueAvSmA/zCIuz3Yz0wuLk7E="
        },
        "lodash": {
          "version": "3.10.1",
          "resolved": "https://registry.npmjs.org/lodash/-/lodash-3.10.1.tgz",
          "integrity": "sha1-W/Rejkm6QYnhfUgnid/RW9FAt7Y="
        },
        "path-exists": {
          "version": "1.0.0",
          "resolved": "https://registry.npmjs.org/path-exists/-/path-exists-1.0.0.tgz",
          "integrity": "sha1-1aiZjrce83p0w06w2eum6HjuoIE="
        },
        "supports-color": {
          "version": "2.0.0",
          "resolved": "https://registry.npmjs.org/supports-color/-/supports-color-2.0.0.tgz",
          "integrity": "sha1-U10EXOa2Nj+kARcIRimZXp3zJMc="
        }
      }
    },
    "spritesmith-stylus-retina-template": {
      "version": "1.0.0",
      "resolved": "https://registry.npmjs.org/spritesmith-stylus-retina-template/-/spritesmith-stylus-retina-template-1.0.0.tgz",
      "integrity": "sha1-l5SNk17+fZjhXsPaPnnJw5hnFdE=",
      "dev": true
    },
    "stylint": {
      "version": "1.5.9",
      "resolved": "https://registry.npmjs.org/stylint/-/stylint-1.5.9.tgz",
      "integrity": "sha1-KfTcEp+hyiIVDNhnIjzuK+1f9qI=",
      "dev": true,
      "dependencies": {
        "camelcase": {
          "version": "3.0.0",
          "resolved": "https://registry.npmjs.org/camelcase/-/camelcase-3.0.0.tgz",
          "integrity": "sha1-MvxLn82vhF/N9+c7uXysImHwqwo="
        },
        "chokidar": {
          "version": "1.5.2",
          "resolved": "https://registry.npmjs.org/chokidar/-/chokidar-1.5.2.tgz",
          "integrity": "sha1-KT5yhkDMk92Cd0JDNLPG1K06NIo="
        },
        "glob": {
          "version": "7.0.4",
          "resolved": "https://registry.npmjs.org/glob/-/glob-7.0.4.tgz",
          "integrity": "sha1-O0SvoJQ73DGyA3uTR5Hi4IS8t/Y="
        },
        "lodash.assign": {
          "version": "4.2.0",
          "resolved": "https://registry.npmjs.org/lodash.assign/-/lodash.assign-4.2.0.tgz",
          "integrity": "sha1-DZnzzNem0mHRm9rrkkUAXShYCOc="
        },
        "lodash.defaults": {
          "version": "4.0.1",
          "resolved": "https://registry.npmjs.org/lodash.defaults/-/lodash.defaults-4.0.1.tgz",
          "integrity": "sha1-BWeOYSqXFsZLW/LOzwRRMco9NAI="
        },
        "path-is-absolute": {
          "version": "1.0.0",
          "resolved": "https://registry.npmjs.org/path-is-absolute/-/path-is-absolute-1.0.0.tgz",
          "integrity": "sha1-Jj2tpmqz8vsQv3+dJN2PPlcO+RI="
        },
        "set-blocking": {
          "version": "1.0.0",
          "resolved": "https://registry.npmjs.org/set-blocking/-/set-blocking-1.0.0.tgz",
          "integrity": "sha1-zV5dk4BI3xrJLf6S4fFq3WVvXsU="
        },
        "strip-json-comments": {
          "version": "2.0.1",
          "resolved": "https://registry.npmjs.org/strip-json-comments/-/strip-json-comments-2.0.1.tgz",
          "integrity": "sha1-PFMZQukIwml8DsNEhYwobHygpgo="
        },
        "user-home": {
          "version": "2.0.0",
          "resolved": "https://registry.npmjs.org/user-home/-/user-home-2.0.0.tgz",
          "integrity": "sha1-nHC/2Babwdy/SGBODwS4tJzenp8="
        },
        "window-size": {
          "version": "0.2.0",
          "resolved": "https://registry.npmjs.org/window-size/-/window-size-0.2.0.tgz",
          "integrity": "sha1-tDFbtCFKPXBY6+7okuE/ok2YsHU="
        },
        "yargs": {
          "version": "4.7.1",
          "resolved": "https://registry.npmjs.org/yargs/-/yargs-4.7.1.tgz",
          "integrity": "sha1-5gQyZYozh/8mnAKOrN5KUS5Djf8="
        },
        "yargs-parser": {
          "version": "2.4.1",
          "resolved": "https://registry.npmjs.org/yargs-parser/-/yargs-parser-2.4.1.tgz",
          "integrity": "sha1-hVaN488VD/SfpRgl8DqMiA3cxcQ="
        }
      }
    },
    "stylint-stylish": {
      "version": "1.4.0",
      "resolved": "https://registry.npmjs.org/stylint-stylish/-/stylint-stylish-1.4.0.tgz",
      "integrity": "sha1-14F18FWYQI2S0Nte8qIoFyE1OOs=",
      "dev": true
    },
    "stylus": {
      "version": "0.54.5",
      "resolved": "https://registry.npmjs.org/stylus/-/stylus-0.54.5.tgz",
      "integrity": "sha1-QrlWCTHKcJDOhRWnmLqeaqPW3Hk=",
      "dev": true,
      "dependencies": {
        "css-parse": {
          "version": "1.7.0",
          "resolved": "https://registry.npmjs.org/css-parse/-/css-parse-1.7.0.tgz",
          "integrity": "sha1-Mh9s9zeCpv91ERE5D8BeLGV9jJs="
        },
        "glob": {
          "version": "7.0.6",
          "resolved": "https://registry.npmjs.org/glob/-/glob-7.0.6.tgz",
          "integrity": "sha1-IRuvr0nlJbjNkyYNFKsTYVKz9Xo="
        },
        "sax": {
          "version": "0.5.8",
          "resolved": "https://registry.npmjs.org/sax/-/sax-0.5.8.tgz",
          "integrity": "sha1-1HLbIo6zMcJQaw6MFVJK25OdEsE="
        },
        "source-map": {
          "version": "0.1.43",
          "resolved": "https://registry.npmjs.org/source-map/-/source-map-0.1.43.tgz",
          "integrity": "sha1-wkvBRspRfBRx9drL4lcbK3+eM0Y="
        }
      }
    },
    "stylus-import-if-exist": {
      "version": "1.1.0",
      "resolved": "https://registry.npmjs.org/stylus-import-if-exist/-/stylus-import-if-exist-1.1.0.tgz",
      "integrity": "sha1-fF2YaWiZvWZkUg4x2C+f6/8mqeg=",
      "dev": true
    },
    "stylus-svg-size-template": {
      "version": "1.0.0",
      "resolved": "https://registry.npmjs.org/stylus-svg-size-template/-/stylus-svg-size-template-1.0.0.tgz",
      "integrity": "sha1-GlYQ/E99DLQmPVQOEiaWmIrd/SI=",
      "dev": true
    },
    "svg4everybody": {
      "version": "2.1.8",
      "resolved": "https://registry.npmjs.org/svg4everybody/-/svg4everybody-2.1.8.tgz",
      "integrity": "sha1-xPtkiZkQT8AiJYUvhHzPvAttdYY=",
      "dev": true
    },
    "tabs": {
      "version": "0.2.0",
      "resolved": "https://registry.npmjs.org/tabs/-/tabs-0.2.0.tgz",
      "integrity": "sha1-Rw9vL6VGYGTrGpUB10wWqIPPv9o=",
      "dev": true
    },
    "webpack": {
      "version": "1.15.0",
      "resolved": "https://registry.npmjs.org/webpack/-/webpack-1.15.0.tgz",
      "integrity": "sha1-T/MfU9sDM55VFkqdRo7gMklo/pg=",
      "dev": true,
      "dependencies": {
        "cliui": {
          "version": "2.1.0",
          "resolved": "https://registry.npmjs.org/cliui/-/cliui-2.1.0.tgz",
          "integrity": "sha1-S0dXYP+AJkx2LDoXGQMukcf+oNE=",
          "dependencies": {
            "wordwrap": {
              "version": "0.0.2",
              "resolved": "https://registry.npmjs.org/wordwrap/-/wordwrap-0.0.2.tgz",
              "integrity": "sha1-t5Zpu0LstAn4PVg8rVLKF+qhZD8="
            }
          }
        },
        "interpret": {
          "version": "0.6.6",
          "resolved": "https://registry.npmjs.org/interpret/-/interpret-0.6.6.tgz",
          "integrity": "sha1-/s16GOfOXKar+5U+H4YhOknxYls="
        },
        "optimist": {
          "version": "0.6.1",
          "resolved": "https://registry.npmjs.org/optimist/-/optimist-0.6.1.tgz",
          "integrity": "sha1-2j6nRob6IaGaERwybpDrFaAZZoY="
        },
        "uglify-js": {
          "version": "2.7.5",
          "resolved": "https://registry.npmjs.org/uglify-js/-/uglify-js-2.7.5.tgz",
          "integrity": "sha1-RhLAx7qu4rp8SH3kkErhIgefLKg=",
          "dependencies": {
            "async": {
              "version": "0.2.10",
              "resolved": "https://registry.npmjs.org/async/-/async-0.2.10.tgz",
              "integrity": "sha1-trvgsGdLnXGXCMo43owjfLUmw9E="
            }
          }
        },
        "window-size": {
          "version": "0.1.0",
          "resolved": "https://registry.npmjs.org/window-size/-/window-size-0.1.0.tgz",
          "integrity": "sha1-VDjNLqk7IC76Ohn+iIeu58lPnJ0="
        },
        "wordwrap": {
          "version": "0.0.3",
          "resolved": "https://registry.npmjs.org/wordwrap/-/wordwrap-0.0.3.tgz",
          "integrity": "sha1-o9XabNXAvAAI03I0u68b7WMFkQc="
        },
        "yargs": {
          "version": "3.10.0",
          "resolved": "https://registry.npmjs.org/yargs/-/yargs-3.10.0.tgz",
          "integrity": "sha1-9+572FfdfB0tOMDnTvvWgdFDH9E="
        }
      }
    },
    "webpack-stats-logger": {
      "version": "1.0.1",
      "resolved": "https://registry.npmjs.org/webpack-stats-logger/-/webpack-stats-logger-1.0.1.tgz",
      "integrity": "sha1-5+xrKv9ZedcCNiQEJfSx1c29KjI=",
      "dev": true
    },
    "webpack-stream": {
      "version": "3.2.0",
      "resolved": "https://registry.npmjs.org/webpack-stream/-/webpack-stream-3.2.0.tgz",
      "integrity": "sha1-Oh0WD7EdQXJ7fObzL3IkZPmLIYY=",
      "dev": true,
      "dependencies": {
        "vinyl": {
          "version": "1.2.0",
          "resolved": "https://registry.npmjs.org/vinyl/-/vinyl-1.2.0.tgz",
          "integrity": "sha1-XIgDbPVl5d8FVYv8kR+GVt8hiIQ="
        }
      }
    }
  }
}
